
Microsoft Visual Studio Solution File, Format Version 12.00
# Visual Studio Version 17
VisualStudioVersion = 17.0.31912.275
MinimumVisualStudioVersion = 10.0.40219.1
Project("{2150E333-8FDC-42A3-9474-1A3956D46DE8}") = "src", "src", "{DFF0464B-5402-4DD6-86F5-2AEC1163B232}"
	ProjectSection(SolutionItems) = preProject
		src\README.md = src\README.md
	EndProjectSection
EndProject
Project("{2150E333-8FDC-42A3-9474-1A3956D46DE8}") = "test", "test", "{1E6B9E8D-D5C1-4AD7-89F9-7179FEFD7C01}"
EndProject
Project("{2150E333-8FDC-42A3-9474-1A3956D46DE8}") = "solution-items", "solution-items", "{0A8896A1-EC2E-44D8-BD7E-34D2E46A16CF}"
	ProjectSection(SolutionItems) = preProject
		.editorconfig = .editorconfig
		.gitattributes = .gitattributes
		.gitignore = .gitignore
		.travis.yml = .travis.yml
		appveyor.yml = appveyor.yml
		common.props = common.props
		EAF.png = EAF.png
		README.md = README.md
	EndProjectSection
EndProject
Project("{9A19103F-16F7-4668-BE54-9A1E7A4F7556}") = "Eaf.Middleware.Ldap", "src\Eaf.Middleware.Ldap\Eaf.Middleware.Ldap.csproj", "{9CA0EF1A-AA65-4EAA-B412-A5F4187844B9}"
EndProject
Project("{9A19103F-16F7-4668-BE54-9A1E7A4F7556}") = "Eaf.Middleware.AzureActiveDirectory", "src\Eaf.Middleware.AzureActiveDirectory\Eaf.Middleware.AzureActiveDirectory.csproj", "{35C318F4-680A-48E1-AC1E-0331F37F755A}"
EndProject
Project("{2150E333-8FDC-42A3-9474-1A3956D46DE8}") = "Foundation", "Foundation", "{DDD8AE96-E0A9-4851-B995-B5B2E8BB17C9}"
EndProject
Project("{2150E333-8FDC-42A3-9474-1A3956D46DE8}") = "Middleware", "Middleware", "{5566F598-A380-446A-AC2E-1436D89F2E2E}"
EndProject
Project("{2150E333-8FDC-42A3-9474-1A3956D46DE8}") = "Tools", "Tools", "{5297D2E7-B896-4D7B-B35F-CFEC30B6331A}"
EndProject
Project("{9A19103F-16F7-4668-BE54-9A1E7A4F7556}") = "Eaf.Middleware.Core", "src\Eaf.Middleware.Core\Eaf.Middleware.Core.csproj", "{A727A752-C739-43D7-AC0C-CD633982F996}"
EndProject
Project("{9A19103F-16F7-4668-BE54-9A1E7A4F7556}") = "Eaf.Middleware.Application", "src\Eaf.Middleware.Application\Eaf.Middleware.Application.csproj", "{A1898E1A-17E5-4BD6-8351-8A8BAB5BD54B}"
EndProject
Project("{9A19103F-16F7-4668-BE54-9A1E7A4F7556}") = "Eaf.Middleware.Web.Core", "src\Eaf.Middleware.Web.Core\Eaf.Middleware.Web.Core.csproj", "{9ECD6640-2B9E-412E-8536-4D5F2134611F}"
EndProject
Project("{9A19103F-16F7-4668-BE54-9A1E7A4F7556}") = "Eaf.MiddlewareCore.Tests", "test\Eaf.MiddlewareCore.Tests\Eaf.MiddlewareCore.Tests.csproj", "{7C83E604-5224-47E2-9ED1-AAA3E2DB3EFD}"
EndProject
Project("{9A19103F-16F7-4668-BE54-9A1E7A4F7556}") = "Eaf.Castle.Serilog", "src\Eaf.Castle.Serilog\Eaf.Castle.Serilog.csproj", "{3C4B391A-F8DB-4199-8DA6-C3A810CF8252}"
EndProject
Project("{9A19103F-16F7-4668-BE54-9A1E7A4F7556}") = "Eaf.SqliteCache", "src\Eaf.SqliteCache\Eaf.SqliteCache.csproj", "{2BE26E88-115F-4541-9EDB-6B243449C3C8}"
EndProject
Project("{9A19103F-16F7-4668-BE54-9A1E7A4F7556}") = "Eaf.OpenTelemetry", "src\Eaf.OpenTelemetry\Eaf.OpenTelemetry.csproj", "{4A479366-8FFA-4407-AAF2-0F440FF3C984}"
EndProject
Project("{9A19103F-16F7-4668-BE54-9A1E7A4F7556}") = "Eaf.Renamer.Lib", "tools\Renamer\src\Eaf.Rename\Eaf.Renamer.Lib.csproj", "{F2C20F4D-F801-42A4-9AB8-5FD885960343}"
EndProject
Project("{9A19103F-16F7-4668-BE54-9A1E7A4F7556}") = "Eaf.Cli", "tools\Renamer\src\EafRenamerCli\Eaf.Cli.csproj", "{53CCFB6D-1820-4BC1-979C-A85F9456102B}"
EndProject
Project("{9A19103F-16F7-4668-BE54-9A1E7A4F7556}") = "Eaf.Middleware.Worker", "src\Eaf.Middleware.Worker\Eaf.Middleware.Worker.csproj", "{6999BCE1-DE3A-475A-8E59-0483D2FBF237}"
EndProject
Project("{9A19103F-16F7-4668-BE54-9A1E7A4F7556}") = "Eaf.KeyVault", "src\Eaf.KeyVault\Eaf.KeyVault.csproj", "{AB0B146F-D291-40A8-82A0-A98A196D4836}"
EndProject
Project("{9A19103F-16F7-4668-BE54-9A1E7A4F7556}") = "Eaf.KeyVault.AspNetCore", "src\Eaf.KeyVault.AspNetCore\Eaf.KeyVault.AspNetCore.csproj", "{61EC729E-1ACA-40D5-BF68-2FCDAA10C433}"
EndProject
Project("{FAE04EC0-301F-11D3-BF4B-00C04F79EFBC}") = "Eaf.EntityFrameworkCore.SampleApp.Tests", "test\Eaf.MiddlewareCore.SampleApp\Eaf.EntityFrameworkCore.SampleApp.Tests.csproj", "{9AB41C1F-F3D7-2153-37F7-76ACC053B2B9}"
EndProject
Project("{FAE04EC0-301F-11D3-BF4B-00C04F79EFBC}") = "Eaf.Castle.Serilog.Tests", "test\Eaf.Castle.Serilog.Tests\Eaf.Castle.Serilog.Tests.csproj", "{F55C5734-E177-8F61-80D5-754AD47D0EF6}"
EndProject
Project("{FAE04EC0-301F-11D3-BF4B-00C04F79EFBC}") = "Eaf.Log4NetServiceBus", "src\Eaf.Log4NetServiceBus\Eaf.Log4NetServiceBus.csproj", "{C03D8EC4-4645-8E6C-4A98-4BA075FCF572}"
EndProject
Project("{FAE04EC0-301F-11D3-BF4B-00C04F79EFBC}") = "Eaf.SqlServerCache", "src\Eaf.SqlServerCache\Eaf.SqlServerCache.csproj", "{9E9BEDF8-5ACF-3A55-DC79-0428B66FFC2F}"
EndProject
Project("{9A19103F-16F7-4668-BE54-9A1E7A4F7556}") = "Eaf.KeyVault.Tests", "test\Eaf.KeyVault.Tests\Eaf.KeyVault.Tests.csproj", "{A1B2C3D4-E5F6-7890-1234-567890ABCDEF}"
EndProject
Project("{9A19103F-16F7-4668-BE54-9A1E7A4F7556}") = "Eaf.OpenTelemetry.Tests", "test\Eaf.OpenTelemetry.Tests\Eaf.OpenTelemetry.Tests.csproj", "{B8C564CB-1825-5A31-EB0D-71095AD3F270}"
EndProject
Project("{9A19103F-16F7-4668-BE54-9A1E7A4F7556}") = "Eaf.SqliteCache.Tests", "test\Eaf.SqliteCache.Tests\Eaf.SqliteCache.Tests.csproj", "{3B873918-CB15-18AB-3BAB-F243297E5F81}"
EndProject
Project("{9A19103F-16F7-4668-BE54-9A1E7A4F7556}") = "Eaf.SqlServerCache.Tests", "test\Eaf.SqlServerCache.Tests\Eaf.SqlServerCache.Tests.csproj", "{B3DB0950-1A9D-22D9-7967-BE4AAB841932}"
EndProject
Project("{FAE04EC0-301F-11D3-BF4B-00C04F79EFBC}") = "Eaf.KeyVault.AspNetCore.Tests", "test\Eaf.KeyVault.AspNetCore.Tests\Eaf.KeyVault.AspNetCore.Tests.csproj", "{84FCE84E-D49E-4605-9723-75011303FC7A}"
EndProject
Project("{FAE04EC0-301F-11D3-BF4B-00C04F79EFBC}") = "Eaf.Log4NetServiceBus.Tests", "test\Eaf.Log4NetServiceBus.Tests\Eaf.Log4NetServiceBus.Tests.csproj", "{DDDF65CB-C7EC-4F11-8BA7-3B792FE406D9}"
EndProject
Project("{9A19103F-16F7-4668-BE54-9A1E7A4F7556}") = "Eaf.Middleware.Ldap.Tests", "test\Eaf.Middleware.Ldap.Tests\Eaf.Middleware.Ldap.Tests.csproj", "{F9A0B1C2-E3D4-4F5A-B6C7-8D9E0F1A2B3C}"
EndProject
Project("{9A19103F-16F7-4668-BE54-9A1E7A4F7556}") = "Eaf.Middleware.AzureActiveDirectory.Tests", "test\Eaf.Middleware.AzureActiveDirectory.Tests\Eaf.Middleware.AzureActiveDirectory.Tests.csproj", "{0A1B2C3D-4E5F-4A6B-C7D8-9E0F1A2B3C4D}"
EndProject
Project("{9A19103F-16F7-4668-BE54-9A1E7A4F7556}") = "Eaf.Middleware.Worker.Tests", "test\Eaf.Middleware.Worker.Tests\Eaf.Middleware.Worker.Tests.csproj", "{1B2C3D4E-5F6A-4B7C-D8E9-0F1A2B3C4D5E}"
EndProject
Project("{FAE04EC0-301F-11D3-BF4B-00C04F79EFBC}") = "Eaf.Middleware.Application.Tests", "test\Eaf.Middleware.Application.Tests\Eaf.Middleware.Application.Tests.csproj", "{24771356-2DB2-42BD-993E-1A200D8B75C8}"
EndProject
Project("{FAE04EC0-301F-11D3-BF4B-00C04F79EFBC}") = "Eaf.Middleware.Web.Core.Tests", "test\Eaf.Middleware.Web.Core.Tests\Eaf.Middleware.Web.Core.Tests.csproj", "{5B866404-C35E-4DD7-B0C1-E56130EC7297}"
EndProject
Project("{FAE04EC0-301F-11D3-BF4B-00C04F79EFBC}") = "Eaf.Middleware.Application.Benchmarks", "test\Eaf.Middleware.Application.Benchmarks\Eaf.Middleware.Application.Benchmarks.csproj", "{9F6D375D-7C4C-4228-AB96-87CC2FE6C1FF}"
EndProject
Project("{FAE04EC0-301F-11D3-BF4B-00C04F79EFBC}") = "Eaf.RedisCache", "src\Eaf.RedisCache\Eaf.RedisCache.csproj", "{87E02C67-A156-4257-AD73-123EB97022C3}"
EndProject
Project("{FAE04EC0-301F-11D3-BF4B-00C04F79EFBC}") = "Eaf.RedisCache.Tests", "test\Eaf.RedisCache.Tests\Eaf.RedisCache.Tests.csproj", "{B9D3C295-8D5A-444A-9E05-6367BEA92F34}"
EndProject
Global
	GlobalSection(SolutionConfigurationPlatforms) = preSolution
		Debug|Any CPU = Debug|Any CPU
		Debug|x64 = Debug|x64
		Debug|x86 = Debug|x86
		Release|Any CPU = Release|Any CPU
		Release|x64 = Release|x64
		Release|x86 = Release|x86
	EndGlobalSection
	GlobalSection(ProjectConfigurationPlatforms) = postSolution
		{9CA0EF1A-AA65-4EAA-B412-A5F4187844B9}.Debug|Any CPU.ActiveCfg = Debug|Any CPU
		{9CA0EF1A-AA65-4EAA-B412-A5F4187844B9}.Debug|Any CPU.Build.0 = Debug|Any CPU
		{9CA0EF1A-AA65-4EAA-B412-A5F4187844B9}.Debug|x64.ActiveCfg = Debug|Any CPU
		{9CA0EF1A-AA65-4EAA-B412-A5F4187844B9}.Debug|x64.Build.0 = Debug|Any CPU
		{9CA0EF1A-AA65-4EAA-B412-A5F4187844B9}.Debug|x86.ActiveCfg = Debug|Any CPU
		{9CA0EF1A-AA65-4EAA-B412-A5F4187844B9}.Debug|x86.Build.0 = Debug|Any CPU
		{9CA0EF1A-AA65-4EAA-B412-A5F4187844B9}.Release|Any CPU.ActiveCfg = Release|Any CPU
		{9CA0EF1A-AA65-4EAA-B412-A5F4187844B9}.Release|Any CPU.Build.0 = Release|Any CPU
		{9CA0EF1A-AA65-4EAA-B412-A5F4187844B9}.Release|x64.ActiveCfg = Release|Any CPU
		{9CA0EF1A-AA65-4EAA-B412-A5F4187844B9}.Release|x64.Build.0 = Release|Any CPU
		{9CA0EF1A-AA65-4EAA-B412-A5F4187844B9}.Release|x86.ActiveCfg = Release|Any CPU
		{9CA0EF1A-AA65-4EAA-B412-A5F4187844B9}.Release|x86.Build.0 = Release|Any CPU
		{35C318F4-680A-48E1-AC1E-0331F37F755A}.Debug|Any CPU.ActiveCfg = Debug|Any CPU
		{35C318F4-680A-48E1-AC1E-0331F37F755A}.Debug|Any CPU.Build.0 = Debug|Any CPU
		{35C318F4-680A-48E1-AC1E-0331F37F755A}.Debug|x64.ActiveCfg = Debug|Any CPU
		{35C318F4-680A-48E1-AC1E-0331F37F755A}.Debug|x64.Build.0 = Debug|Any CPU
		{35C318F4-680A-48E1-AC1E-0331F37F755A}.Debug|x86.ActiveCfg = Debug|Any CPU
		{35C318F4-680A-48E1-AC1E-0331F37F755A}.Debug|x86.Build.0 = Debug|Any CPU
		{35C318F4-680A-48E1-AC1E-0331F37F755A}.Release|Any CPU.ActiveCfg = Release|Any CPU
		{35C318F4-680A-48E1-AC1E-0331F37F755A}.Release|Any CPU.Build.0 = Release|Any CPU
		{35C318F4-680A-48E1-AC1E-0331F37F755A}.Release|x64.ActiveCfg = Release|Any CPU
		{35C318F4-680A-48E1-AC1E-0331F37F755A}.Release|x64.Build.0 = Release|Any CPU
		{35C318F4-680A-48E1-AC1E-0331F37F755A}.Release|x86.ActiveCfg = Release|Any CPU
		{35C318F4-680A-48E1-AC1E-0331F37F755A}.Release|x86.Build.0 = Release|Any CPU
		{A727A752-C739-43D7-AC0C-CD633982F996}.Debug|Any CPU.ActiveCfg = Debug|Any CPU
		{A727A752-C739-43D7-AC0C-CD633982F996}.Debug|Any CPU.Build.0 = Debug|Any CPU
		{A727A752-C739-43D7-AC0C-CD633982F996}.Debug|x64.ActiveCfg = Debug|Any CPU
		{A727A752-C739-43D7-AC0C-CD633982F996}.Debug|x64.Build.0 = Debug|Any CPU
		{A727A752-C739-43D7-AC0C-CD633982F996}.Debug|x86.ActiveCfg = Debug|Any CPU
		{A727A752-C739-43D7-AC0C-CD633982F996}.Debug|x86.Build.0 = Debug|Any CPU
		{A727A752-C739-43D7-AC0C-CD633982F996}.Release|Any CPU.ActiveCfg = Release|Any CPU
		{A727A752-C739-43D7-AC0C-CD633982F996}.Release|Any CPU.Build.0 = Release|Any CPU
		{A727A752-C739-43D7-AC0C-CD633982F996}.Release|x64.ActiveCfg = Release|Any CPU
		{A727A752-C739-43D7-AC0C-CD633982F996}.Release|x64.Build.0 = Release|Any CPU
		{A727A752-C739-43D7-AC0C-CD633982F996}.Release|x86.ActiveCfg = Release|Any CPU
		{A727A752-C739-43D7-AC0C-CD633982F996}.Release|x86.Build.0 = Release|Any CPU
		{A1898E1A-17E5-4BD6-8351-8A8BAB5BD54B}.Debug|Any CPU.ActiveCfg = Debug|Any CPU
		{A1898E1A-17E5-4BD6-8351-8A8BAB5BD54B}.Debug|Any CPU.Build.0 = Debug|Any CPU
		{A1898E1A-17E5-4BD6-8351-8A8BAB5BD54B}.Debug|x64.ActiveCfg = Debug|Any CPU
		{A1898E1A-17E5-4BD6-8351-8A8BAB5BD54B}.Debug|x64.Build.0 = Debug|Any CPU
		{A1898E1A-17E5-4BD6-8351-8A8BAB5BD54B}.Debug|x86.ActiveCfg = Debug|Any CPU
		{A1898E1A-17E5-4BD6-8351-8A8BAB5BD54B}.Debug|x86.Build.0 = Debug|Any CPU
		{A1898E1A-17E5-4BD6-8351-8A8BAB5BD54B}.Release|Any CPU.ActiveCfg = Release|Any CPU
		{A1898E1A-17E5-4BD6-8351-8A8BAB5BD54B}.Release|Any CPU.Build.0 = Release|Any CPU
		{A1898E1A-17E5-4BD6-8351-8A8BAB5BD54B}.Release|x64.ActiveCfg = Release|Any CPU
		{A1898E1A-17E5-4BD6-8351-8A8BAB5BD54B}.Release|x64.Build.0 = Release|Any CPU
		{A1898E1A-17E5-4BD6-8351-8A8BAB5BD54B}.Release|x86.ActiveCfg = Release|Any CPU
		{A1898E1A-17E5-4BD6-8351-8A8BAB5BD54B}.Release|x86.Build.0 = Release|Any CPU
		{9ECD6640-2B9E-412E-8536-4D5F2134611F}.Debug|Any CPU.ActiveCfg = Debug|Any CPU
		{9ECD6640-2B9E-412E-8536-4D5F2134611F}.Debug|Any CPU.Build.0 = Debug|Any CPU
		{9ECD6640-2B9E-412E-8536-4D5F2134611F}.Debug|x64.ActiveCfg = Debug|Any CPU
		{9ECD6640-2B9E-412E-8536-4D5F2134611F}.Debug|x64.Build.0 = Debug|Any CPU
		{9ECD6640-2B9E-412E-8536-4D5F2134611F}.Debug|x86.ActiveCfg = Debug|Any CPU
		{9ECD6640-2B9E-412E-8536-4D5F2134611F}.Debug|x86.Build.0 = Debug|Any CPU
		{9ECD6640-2B9E-412E-8536-4D5F2134611F}.Release|Any CPU.ActiveCfg = Release|Any CPU
		{9ECD6640-2B9E-412E-8536-4D5F2134611F}.Release|Any CPU.Build.0 = Release|Any CPU
		{9ECD6640-2B9E-412E-8536-4D5F2134611F}.Release|x64.ActiveCfg = Release|Any CPU
		{9ECD6640-2B9E-412E-8536-4D5F2134611F}.Release|x64.Build.0 = Release|Any CPU
		{9ECD6640-2B9E-412E-8536-4D5F2134611F}.Release|x86.ActiveCfg = Release|Any CPU
		{9ECD6640-2B9E-412E-8536-4D5F2134611F}.Release|x86.Build.0 = Release|Any CPU
		{7C83E604-5224-47E2-9ED1-AAA3E2DB3EFD}.Debug|Any CPU.ActiveCfg = Debug|Any CPU
		{7C83E604-5224-47E2-9ED1-AAA3E2DB3EFD}.Debug|Any CPU.Build.0 = Debug|Any CPU
		{7C83E604-5224-47E2-9ED1-AAA3E2DB3EFD}.Debug|x64.ActiveCfg = Debug|Any CPU
		{7C83E604-5224-47E2-9ED1-AAA3E2DB3EFD}.Debug|x64.Build.0 = Debug|Any CPU
		{7C83E604-5224-47E2-9ED1-AAA3E2DB3EFD}.Debug|x86.ActiveCfg = Debug|Any CPU
		{7C83E604-5224-47E2-9ED1-AAA3E2DB3EFD}.Debug|x86.Build.0 = Debug|Any CPU
		{7C83E604-5224-47E2-9ED1-AAA3E2DB3EFD}.Release|Any CPU.ActiveCfg = Release|Any CPU
		{7C83E604-5224-47E2-9ED1-AAA3E2DB3EFD}.Release|Any CPU.Build.0 = Release|Any CPU
		{7C83E604-5224-47E2-9ED1-AAA3E2DB3EFD}.Release|x64.ActiveCfg = Release|Any CPU
		{7C83E604-5224-47E2-9ED1-AAA3E2DB3EFD}.Release|x64.Build.0 = Release|Any CPU
		{7C83E604-5224-47E2-9ED1-AAA3E2DB3EFD}.Release|x86.ActiveCfg = Release|Any CPU
		{7C83E604-5224-47E2-9ED1-AAA3E2DB3EFD}.Release|x86.Build.0 = Release|Any CPU
		{3C4B391A-F8DB-4199-8DA6-C3A810CF8252}.Debug|Any CPU.ActiveCfg = Debug|Any CPU
		{3C4B391A-F8DB-4199-8DA6-C3A810CF8252}.Debug|Any CPU.Build.0 = Debug|Any CPU
		{3C4B391A-F8DB-4199-8DA6-C3A810CF8252}.Debug|x64.ActiveCfg = Debug|Any CPU
		{3C4B391A-F8DB-4199-8DA6-C3A810CF8252}.Debug|x64.Build.0 = Debug|Any CPU
		{3C4B391A-F8DB-4199-8DA6-C3A810CF8252}.Debug|x86.ActiveCfg = Debug|Any CPU
		{3C4B391A-F8DB-4199-8DA6-C3A810CF8252}.Debug|x86.Build.0 = Debug|Any CPU
		{3C4B391A-F8DB-4199-8DA6-C3A810CF8252}.Release|Any CPU.ActiveCfg = Release|Any CPU
		{3C4B391A-F8DB-4199-8DA6-C3A810CF8252}.Release|Any CPU.Build.0 = Release|Any CPU
		{3C4B391A-F8DB-4199-8DA6-C3A810CF8252}.Release|x64.ActiveCfg = Release|Any CPU
		{3C4B391A-F8DB-4199-8DA6-C3A810CF8252}.Release|x64.Build.0 = Release|Any CPU
		{3C4B391A-F8DB-4199-8DA6-C3A810CF8252}.Release|x86.ActiveCfg = Release|Any CPU
		{3C4B391A-F8DB-4199-8DA6-C3A810CF8252}.Release|x86.Build.0 = Release|Any CPU
		{2BE26E88-115F-4541-9EDB-6B243449C3C8}.Debug|Any CPU.ActiveCfg = Debug|Any CPU
		{2BE26E88-115F-4541-9EDB-6B243449C3C8}.Debug|Any CPU.Build.0 = Debug|Any CPU
		{2BE26E88-115F-4541-9EDB-6B243449C3C8}.Debug|x64.ActiveCfg = Debug|Any CPU
		{2BE26E88-115F-4541-9EDB-6B243449C3C8}.Debug|x64.Build.0 = Debug|Any CPU
		{2BE26E88-115F-4541-9EDB-6B243449C3C8}.Debug|x86.ActiveCfg = Debug|Any CPU
		{2BE26E88-115F-4541-9EDB-6B243449C3C8}.Debug|x86.Build.0 = Debug|Any CPU
		{2BE26E88-115F-4541-9EDB-6B243449C3C8}.Release|Any CPU.ActiveCfg = Release|Any CPU
		{2BE26E88-115F-4541-9EDB-6B243449C3C8}.Release|Any CPU.Build.0 = Release|Any CPU
		{2BE26E88-115F-4541-9EDB-6B243449C3C8}.Release|x64.ActiveCfg = Release|Any CPU
		{2BE26E88-115F-4541-9EDB-6B243449C3C8}.Release|x64.Build.0 = Release|Any CPU
		{2BE26E88-115F-4541-9EDB-6B243449C3C8}.Release|x86.ActiveCfg = Release|Any CPU
		{2BE26E88-115F-4541-9EDB-6B243449C3C8}.Release|x86.Build.0 = Release|Any CPU
		{4A479366-8FFA-4407-AAF2-0F440FF3C984}.Debug|Any CPU.ActiveCfg = Debug|Any CPU
		{4A479366-8FFA-4407-AAF2-0F440FF3C984}.Debug|Any CPU.Build.0 = Debug|Any CPU
		{4A479366-8FFA-4407-AAF2-0F440FF3C984}.Debug|x64.ActiveCfg = Debug|Any CPU
		{4A479366-8FFA-4407-AAF2-0F440FF3C984}.Debug|x64.Build.0 = Debug|Any CPU
		{4A479366-8FFA-4407-AAF2-0F440FF3C984}.Debug|x86.ActiveCfg = Debug|Any CPU
		{4A479366-8FFA-4407-AAF2-0F440FF3C984}.Debug|x86.Build.0 = Debug|Any CPU
		{4A479366-8FFA-4407-AAF2-0F440FF3C984}.Release|Any CPU.ActiveCfg = Release|Any CPU
		{4A479366-8FFA-4407-AAF2-0F440FF3C984}.Release|Any CPU.Build.0 = Release|Any CPU
		{4A479366-8FFA-4407-AAF2-0F440FF3C984}.Release|x64.ActiveCfg = Release|Any CPU
		{4A479366-8FFA-4407-AAF2-0F440FF3C984}.Release|x64.Build.0 = Release|Any CPU
		{4A479366-8FFA-4407-AAF2-0F440FF3C984}.Release|x86.ActiveCfg = Release|Any CPU
		{4A479366-8FFA-4407-AAF2-0F440FF3C984}.Release|x86.Build.0 = Release|Any CPU
		{F2C20F4D-F801-42A4-9AB8-5FD885960343}.Debug|Any CPU.ActiveCfg = Debug|Any CPU
		{F2C20F4D-F801-42A4-9AB8-5FD885960343}.Debug|Any CPU.Build.0 = Debug|Any CPU
		{F2C20F4D-F801-42A4-9AB8-5FD885960343}.Debug|x64.ActiveCfg = Debug|Any CPU
		{F2C20F4D-F801-42A4-9AB8-5FD885960343}.Debug|x64.Build.0 = Debug|Any CPU
		{F2C20F4D-F801-42A4-9AB8-5FD885960343}.Debug|x86.ActiveCfg = Debug|Any CPU
		{F2C20F4D-F801-42A4-9AB8-5FD885960343}.Debug|x86.Build.0 = Debug|Any CPU
		{F2C20F4D-F801-42A4-9AB8-5FD885960343}.Release|Any CPU.ActiveCfg = Release|Any CPU
		{F2C20F4D-F801-42A4-9AB8-5FD885960343}.Release|x64.ActiveCfg = Release|Any CPU
		{F2C20F4D-F801-42A4-9AB8-5FD885960343}.Release|x64.Build.0 = Release|Any CPU
		{F2C20F4D-F801-42A4-9AB8-5FD885960343}.Release|x86.ActiveCfg = Release|Any CPU
		{F2C20F4D-F801-42A4-9AB8-5FD885960343}.Release|x86.Build.0 = Release|Any CPU
		{53CCFB6D-1820-4BC1-979C-A85F9456102B}.Debug|Any CPU.ActiveCfg = Debug|Any CPU
		{53CCFB6D-1820-4BC1-979C-A85F9456102B}.Debug|Any CPU.Build.0 = Debug|Any CPU
		{53CCFB6D-1820-4BC1-979C-A85F9456102B}.Debug|x64.ActiveCfg = Debug|Any CPU
		{53CCFB6D-1820-4BC1-979C-A85F9456102B}.Debug|x64.Build.0 = Debug|Any CPU
		{53CCFB6D-1820-4BC1-979C-A85F9456102B}.Debug|x86.ActiveCfg = Debug|Any CPU
		{53CCFB6D-1820-4BC1-979C-A85F9456102B}.Debug|x86.Build.0 = Debug|Any CPU
		{53CCFB6D-1820-4BC1-979C-A85F9456102B}.Release|Any CPU.ActiveCfg = Release|Any CPU
		{53CCFB6D-1820-4BC1-979C-A85F9456102B}.Release|x64.ActiveCfg = Release|Any CPU
		{53CCFB6D-1820-4BC1-979C-A85F9456102B}.Release|x64.Build.0 = Release|Any CPU
		{53CCFB6D-1820-4BC1-979C-A85F9456102B}.Release|x86.ActiveCfg = Release|Any CPU
		{53CCFB6D-1820-4BC1-979C-A85F9456102B}.Release|x86.Build.0 = Release|Any CPU
		{6999BCE1-DE3A-475A-8E59-0483D2FBF237}.Debug|Any CPU.ActiveCfg = Debug|Any CPU
		{6999BCE1-DE3A-475A-8E59-0483D2FBF237}.Debug|Any CPU.Build.0 = Debug|Any CPU
		{6999BCE1-DE3A-475A-8E59-0483D2FBF237}.Debug|x64.ActiveCfg = Debug|Any CPU
		{6999BCE1-DE3A-475A-8E59-0483D2FBF237}.Debug|x64.Build.0 = Debug|Any CPU
		{6999BCE1-DE3A-475A-8E59-0483D2FBF237}.Debug|x86.ActiveCfg = Debug|Any CPU
		{6999BCE1-DE3A-475A-8E59-0483D2FBF237}.Debug|x86.Build.0 = Debug|Any CPU
		{6999BCE1-DE3A-475A-8E59-0483D2FBF237}.Release|Any CPU.ActiveCfg = Release|Any CPU
		{6999BCE1-DE3A-475A-8E59-0483D2FBF237}.Release|Any CPU.Build.0 = Release|Any CPU
		{6999BCE1-DE3A-475A-8E59-0483D2FBF237}.Release|x64.ActiveCfg = Release|Any CPU
		{6999BCE1-DE3A-475A-8E59-0483D2FBF237}.Release|x64.Build.0 = Release|Any CPU
		{6999BCE1-DE3A-475A-8E59-0483D2FBF237}.Release|x86.ActiveCfg = Release|Any CPU
		{6999BCE1-DE3A-475A-8E59-0483D2FBF237}.Release|x86.Build.0 = Release|Any CPU
		{AB0B146F-D291-40A8-82A0-A98A196D4836}.Debug|Any CPU.ActiveCfg = Debug|Any CPU
		{AB0B146F-D291-40A8-82A0-A98A196D4836}.Debug|Any CPU.Build.0 = Debug|Any CPU
		{AB0B146F-D291-40A8-82A0-A98A196D4836}.Debug|x64.ActiveCfg = Debug|Any CPU
		{AB0B146F-D291-40A8-82A0-A98A196D4836}.Debug|x64.Build.0 = Debug|Any CPU
		{AB0B146F-D291-40A8-82A0-A98A196D4836}.Debug|x86.ActiveCfg = Debug|Any CPU
		{AB0B146F-D291-40A8-82A0-A98A196D4836}.Debug|x86.Build.0 = Debug|Any CPU
		{AB0B146F-D291-40A8-82A0-A98A196D4836}.Release|Any CPU.ActiveCfg = Release|Any CPU
		{AB0B146F-D291-40A8-82A0-A98A196D4836}.Release|Any CPU.Build.0 = Release|Any CPU
		{AB0B146F-D291-40A8-82A0-A98A196D4836}.Release|x64.ActiveCfg = Release|Any CPU
		{AB0B146F-D291-40A8-82A0-A98A196D4836}.Release|x64.Build.0 = Release|Any CPU
		{AB0B146F-D291-40A8-82A0-A98A196D4836}.Release|x86.ActiveCfg = Release|Any CPU
		{AB0B146F-D291-40A8-82A0-A98A196D4836}.Release|x86.Build.0 = Release|Any CPU
		{61EC729E-1ACA-40D5-BF68-2FCDAA10C433}.Debug|Any CPU.ActiveCfg = Debug|Any CPU
		{61EC729E-1ACA-40D5-BF68-2FCDAA10C433}.Debug|Any CPU.Build.0 = Debug|Any CPU
		{61EC729E-1ACA-40D5-BF68-2FCDAA10C433}.Debug|x64.ActiveCfg = Debug|Any CPU
		{61EC729E-1ACA-40D5-BF68-2FCDAA10C433}.Debug|x64.Build.0 = Debug|Any CPU
		{61EC729E-1ACA-40D5-BF68-2FCDAA10C433}.Debug|x86.ActiveCfg = Debug|Any CPU
		{61EC729E-1ACA-40D5-BF68-2FCDAA10C433}.Debug|x86.Build.0 = Debug|Any CPU
		{61EC729E-1ACA-40D5-BF68-2FCDAA10C433}.Release|Any CPU.ActiveCfg = Release|Any CPU
		{61EC729E-1ACA-40D5-BF68-2FCDAA10C433}.Release|Any CPU.Build.0 = Release|Any CPU
		{61EC729E-1ACA-40D5-BF68-2FCDAA10C433}.Release|x64.ActiveCfg = Release|Any CPU
		{61EC729E-1ACA-40D5-BF68-2FCDAA10C433}.Release|x64.Build.0 = Release|Any CPU
		{61EC729E-1ACA-40D5-BF68-2FCDAA10C433}.Release|x86.ActiveCfg = Release|Any CPU
		{61EC729E-1ACA-40D5-BF68-2FCDAA10C433}.Release|x86.Build.0 = Release|Any CPU
		{9AB41C1F-F3D7-2153-37F7-76ACC053B2B9}.Debug|Any CPU.ActiveCfg = Debug|Any CPU
		{9AB41C1F-F3D7-2153-37F7-76ACC053B2B9}.Debug|Any CPU.Build.0 = Debug|Any CPU
		{9AB41C1F-F3D7-2153-37F7-76ACC053B2B9}.Debug|x64.ActiveCfg = Debug|Any CPU
		{9AB41C1F-F3D7-2153-37F7-76ACC053B2B9}.Debug|x64.Build.0 = Debug|Any CPU
		{9AB41C1F-F3D7-2153-37F7-76ACC053B2B9}.Debug|x86.ActiveCfg = Debug|Any CPU
		{9AB41C1F-F3D7-2153-37F7-76ACC053B2B9}.Debug|x86.Build.0 = Debug|Any CPU
		{9AB41C1F-F3D7-2153-37F7-76ACC053B2B9}.Release|Any CPU.ActiveCfg = Release|Any CPU
		{9AB41C1F-F3D7-2153-37F7-76ACC053B2B9}.Release|Any CPU.Build.0 = Release|Any CPU
		{9AB41C1F-F3D7-2153-37F7-76ACC053B2B9}.Release|x64.ActiveCfg = Release|Any CPU
		{9AB41C1F-F3D7-2153-37F7-76ACC053B2B9}.Release|x64.Build.0 = Release|Any CPU
		{9AB41C1F-F3D7-2153-37F7-76ACC053B2B9}.Release|x86.ActiveCfg = Release|Any CPU
		{9AB41C1F-F3D7-2153-37F7-76ACC053B2B9}.Release|x86.Build.0 = Release|Any CPU
		{F55C5734-E177-8F61-80D5-754AD47D0EF6}.Debug|Any CPU.ActiveCfg = Debug|Any CPU
		{F55C5734-E177-8F61-80D5-754AD47D0EF6}.Debug|Any CPU.Build.0 = Debug|Any CPU
		{F55C5734-E177-8F61-80D5-754AD47D0EF6}.Debug|x64.ActiveCfg = Debug|Any CPU
		{F55C5734-E177-8F61-80D5-754AD47D0EF6}.Debug|x64.Build.0 = Debug|Any CPU
		{F55C5734-E177-8F61-80D5-754AD47D0EF6}.Debug|x86.ActiveCfg = Debug|Any CPU
		{F55C5734-E177-8F61-80D5-754AD47D0EF6}.Debug|x86.Build.0 = Debug|Any CPU
		{F55C5734-E177-8F61-80D5-754AD47D0EF6}.Release|Any CPU.ActiveCfg = Release|Any CPU
		{F55C5734-E177-8F61-80D5-754AD47D0EF6}.Release|Any CPU.Build.0 = Release|Any CPU
		{F55C5734-E177-8F61-80D5-754AD47D0EF6}.Release|x64.ActiveCfg = Release|Any CPU
		{F55C5734-E177-8F61-80D5-754AD47D0EF6}.Release|x64.Build.0 = Release|Any CPU
		{F55C5734-E177-8F61-80D5-754AD47D0EF6}.Release|x86.ActiveCfg = Release|Any CPU
		{F55C5734-E177-8F61-80D5-754AD47D0EF6}.Release|x86.Build.0 = Release|Any CPU
		{C03D8EC4-4645-8E6C-4A98-4BA075FCF572}.Debug|Any CPU.ActiveCfg = Debug|Any CPU
		{C03D8EC4-4645-8E6C-4A98-4BA075FCF572}.Debug|Any CPU.Build.0 = Debug|Any CPU
		{C03D8EC4-4645-8E6C-4A98-4BA075FCF572}.Debug|x64.ActiveCfg = Debug|Any CPU
		{C03D8EC4-4645-8E6C-4A98-4BA075FCF572}.Debug|x64.Build.0 = Debug|Any CPU
		{C03D8EC4-4645-8E6C-4A98-4BA075FCF572}.Debug|x86.ActiveCfg = Debug|Any CPU
		{C03D8EC4-4645-8E6C-4A98-4BA075FCF572}.Debug|x86.Build.0 = Debug|Any CPU
		{C03D8EC4-4645-8E6C-4A98-4BA075FCF572}.Release|Any CPU.ActiveCfg = Release|Any CPU
		{C03D8EC4-4645-8E6C-4A98-4BA075FCF572}.Release|Any CPU.Build.0 = Release|Any CPU
		{C03D8EC4-4645-8E6C-4A98-4BA075FCF572}.Release|x64.ActiveCfg = Release|Any CPU
		{C03D8EC4-4645-8E6C-4A98-4BA075FCF572}.Release|x64.Build.0 = Release|Any CPU
		{C03D8EC4-4645-8E6C-4A98-4BA075FCF572}.Release|x86.ActiveCfg = Release|Any CPU
		{C03D8EC4-4645-8E6C-4A98-4BA075FCF572}.Release|x86.Build.0 = Release|Any CPU
		{9E9BEDF8-5ACF-3A55-DC79-0428B66FFC2F}.Debug|Any CPU.ActiveCfg = Debug|Any CPU
		{9E9BEDF8-5ACF-3A55-DC79-0428B66FFC2F}.Debug|Any CPU.Build.0 = Debug|Any CPU
		{9E9BEDF8-5ACF-3A55-DC79-0428B66FFC2F}.Debug|x64.ActiveCfg = Debug|Any CPU
		{9E9BEDF8-5ACF-3A55-DC79-0428B66FFC2F}.Debug|x64.Build.0 = Debug|Any CPU
		{9E9BEDF8-5ACF-3A55-DC79-0428B66FFC2F}.Debug|x86.ActiveCfg = Debug|Any CPU
		{9E9BEDF8-5ACF-3A55-DC79-0428B66FFC2F}.Debug|x86.Build.0 = Debug|Any CPU
		{9E9BEDF8-5ACF-3A55-DC79-0428B66FFC2F}.Release|Any CPU.ActiveCfg = Release|Any CPU
		{9E9BEDF8-5ACF-3A55-DC79-0428B66FFC2F}.Release|Any CPU.Build.0 = Release|Any CPU
		{9E9BEDF8-5ACF-3A55-DC79-0428B66FFC2F}.Release|x64.ActiveCfg = Release|Any CPU
		{9E9BEDF8-5ACF-3A55-DC79-0428B66FFC2F}.Release|x64.Build.0 = Release|Any CPU
		{9E9BEDF8-5ACF-3A55-DC79-0428B66FFC2F}.Release|x86.ActiveCfg = Release|Any CPU
		{9E9BEDF8-5ACF-3A55-DC79-0428B66FFC2F}.Release|x86.Build.0 = Release|Any CPU
		{A1B2C3D4-E5F6-7890-1234-567890ABCDEF}.Debug|Any CPU.ActiveCfg = Debug|Any CPU
		{A1B2C3D4-E5F6-7890-1234-567890ABCDEF}.Debug|Any CPU.Build.0 = Debug|Any CPU
		{A1B2C3D4-E5F6-7890-1234-567890ABCDEF}.Debug|x64.ActiveCfg = Debug|Any CPU
		{A1B2C3D4-E5F6-7890-1234-567890ABCDEF}.Debug|x64.Build.0 = Debug|Any CPU
		{A1B2C3D4-E5F6-7890-1234-567890ABCDEF}.Debug|x86.ActiveCfg = Debug|Any CPU
		{A1B2C3D4-E5F6-7890-1234-567890ABCDEF}.Debug|x86.Build.0 = Debug|Any CPU
		{A1B2C3D4-E5F6-7890-1234-567890ABCDEF}.Release|Any CPU.ActiveCfg = Release|Any CPU
		{A1B2C3D4-E5F6-7890-1234-567890ABCDEF}.Release|Any CPU.Build.0 = Release|Any CPU
		{A1B2C3D4-E5F6-7890-1234-567890ABCDEF}.Release|x64.ActiveCfg = Release|Any CPU
		{A1B2C3D4-E5F6-7890-1234-567890ABCDEF}.Release|x64.Build.0 = Release|Any CPU
		{A1B2C3D4-E5F6-7890-1234-567890ABCDEF}.Release|x86.ActiveCfg = Release|Any CPU
		{A1B2C3D4-E5F6-7890-1234-567890ABCDEF}.Release|x86.Build.0 = Release|Any CPU
		{B8C564CB-1825-5A31-EB0D-71095AD3F270}.Debug|Any CPU.ActiveCfg = Debug|Any CPU
		{B8C564CB-1825-5A31-EB0D-71095AD3F270}.Debug|Any CPU.Build.0 = Debug|Any CPU
		{B8C564CB-1825-5A31-EB0D-71095AD3F270}.Debug|x64.ActiveCfg = Debug|Any CPU
		{B8C564CB-1825-5A31-EB0D-71095AD3F270}.Debug|x64.Build.0 = Debug|Any CPU
		{B8C564CB-1825-5A31-EB0D-71095AD3F270}.Debug|x86.ActiveCfg = Debug|Any CPU
		{B8C564CB-1825-5A31-EB0D-71095AD3F270}.Debug|x86.Build.0 = Debug|Any CPU
		{B8C564CB-1825-5A31-EB0D-71095AD3F270}.Release|Any CPU.ActiveCfg = Release|Any CPU
		{B8C564CB-1825-5A31-EB0D-71095AD3F270}.Release|Any CPU.Build.0 = Release|Any CPU
		{B8C564CB-1825-5A31-EB0D-71095AD3F270}.Release|x64.ActiveCfg = Release|Any CPU
		{B8C564CB-1825-5A31-EB0D-71095AD3F270}.Release|x64.Build.0 = Release|Any CPU
		{B8C564CB-1825-5A31-EB0D-71095AD3F270}.Release|x86.ActiveCfg = Release|Any CPU
		{B8C564CB-1825-5A31-EB0D-71095AD3F270}.Release|x86.Build.0 = Release|Any CPU
		{3B873918-CB15-18AB-3BAB-F243297E5F81}.Debug|Any CPU.ActiveCfg = Debug|Any CPU
		{3B873918-CB15-18AB-3BAB-F243297E5F81}.Debug|Any CPU.Build.0 = Debug|Any CPU
		{3B873918-CB15-18AB-3BAB-F243297E5F81}.Debug|x64.ActiveCfg = Debug|Any CPU
		{3B873918-CB15-18AB-3BAB-F243297E5F81}.Debug|x64.Build.0 = Debug|Any CPU
		{3B873918-CB15-18AB-3BAB-F243297E5F81}.Debug|x86.ActiveCfg = Debug|Any CPU
		{3B873918-CB15-18AB-3BAB-F243297E5F81}.Debug|x86.Build.0 = Debug|Any CPU
		{3B873918-CB15-18AB-3BAB-F243297E5F81}.Release|Any CPU.ActiveCfg = Release|Any CPU
		{3B873918-CB15-18AB-3BAB-F243297E5F81}.Release|Any CPU.Build.0 = Release|Any CPU
		{3B873918-CB15-18AB-3BAB-F243297E5F81}.Release|x64.ActiveCfg = Release|Any CPU
		{3B873918-CB15-18AB-3BAB-F243297E5F81}.Release|x64.Build.0 = Release|Any CPU
		{3B873918-CB15-18AB-3BAB-F243297E5F81}.Release|x86.ActiveCfg = Release|Any CPU
		{3B873918-CB15-18AB-3BAB-F243297E5F81}.Release|x86.Build.0 = Release|Any CPU
		{B3DB0950-1A9D-22D9-7967-BE4AAB841932}.Debug|Any CPU.ActiveCfg = Debug|Any CPU
		{B3DB0950-1A9D-22D9-7967-BE4AAB841932}.Debug|Any CPU.Build.0 = Debug|Any CPU
		{B3DB0950-1A9D-22D9-7967-BE4AAB841932}.Debug|x64.ActiveCfg = Debug|Any CPU
		{B3DB0950-1A9D-22D9-7967-BE4AAB841932}.Debug|x64.Build.0 = Debug|Any CPU
		{B3DB0950-1A9D-22D9-7967-BE4AAB841932}.Debug|x86.ActiveCfg = Debug|Any CPU
		{B3DB0950-1A9D-22D9-7967-BE4AAB841932}.Debug|x86.Build.0 = Debug|Any CPU
		{B3DB0950-1A9D-22D9-7967-BE4AAB841932}.Release|Any CPU.ActiveCfg = Release|Any CPU
		{B3DB0950-1A9D-22D9-7967-BE4AAB841932}.Release|Any CPU.Build.0 = Release|Any CPU
		{B3DB0950-1A9D-22D9-7967-BE4AAB841932}.Release|x64.ActiveCfg = Release|Any CPU
		{B3DB0950-1A9D-22D9-7967-BE4AAB841932}.Release|x64.Build.0 = Release|Any CPU
		{B3DB0950-1A9D-22D9-7967-BE4AAB841932}.Release|x86.ActiveCfg = Release|Any CPU
		{B3DB0950-1A9D-22D9-7967-BE4AAB841932}.Release|x86.Build.0 = Release|Any CPU
		{84FCE84E-D49E-4605-9723-75011303FC7A}.Debug|Any CPU.ActiveCfg = Debug|Any CPU
		{84FCE84E-D49E-4605-9723-75011303FC7A}.Debug|Any CPU.Build.0 = Debug|Any CPU
		{84FCE84E-D49E-4605-9723-75011303FC7A}.Debug|x64.ActiveCfg = Debug|Any CPU
		{84FCE84E-D49E-4605-9723-75011303FC7A}.Debug|x64.Build.0 = Debug|Any CPU
		{84FCE84E-D49E-4605-9723-75011303FC7A}.Debug|x86.ActiveCfg = Debug|Any CPU
		{84FCE84E-D49E-4605-9723-75011303FC7A}.Debug|x86.Build.0 = Debug|Any CPU
		{84FCE84E-D49E-4605-9723-75011303FC7A}.Release|Any CPU.ActiveCfg = Release|Any CPU
		{84FCE84E-D49E-4605-9723-75011303FC7A}.Release|Any CPU.Build.0 = Release|Any CPU
		{84FCE84E-D49E-4605-9723-75011303FC7A}.Release|x64.ActiveCfg = Release|Any CPU
		{84FCE84E-D49E-4605-9723-75011303FC7A}.Release|x64.Build.0 = Release|Any CPU
		{84FCE84E-D49E-4605-9723-75011303FC7A}.Release|x86.ActiveCfg = Release|Any CPU
		{84FCE84E-D49E-4605-9723-75011303FC7A}.Release|x86.Build.0 = Release|Any CPU
		{DDDF65CB-C7EC-4F11-8BA7-3B792FE406D9}.Debug|Any CPU.ActiveCfg = Debug|Any CPU
		{DDDF65CB-C7EC-4F11-8BA7-3B792FE406D9}.Debug|Any CPU.Build.0 = Debug|Any CPU
		{DDDF65CB-C7EC-4F11-8BA7-3B792FE406D9}.Debug|x64.ActiveCfg = Debug|Any CPU
		{DDDF65CB-C7EC-4F11-8BA7-3B792FE406D9}.Debug|x64.Build.0 = Debug|Any CPU
		{DDDF65CB-C7EC-4F11-8BA7-3B792FE406D9}.Debug|x86.ActiveCfg = Debug|Any CPU
		{DDDF65CB-C7EC-4F11-8BA7-3B792FE406D9}.Debug|x86.Build.0 = Debug|Any CPU
		{DDDF65CB-C7EC-4F11-8BA7-3B792FE406D9}.Release|Any CPU.ActiveCfg = Release|Any CPU
		{DDDF65CB-C7EC-4F11-8BA7-3B792FE406D9}.Release|Any CPU.Build.0 = Release|Any CPU
		{DDDF65CB-C7EC-4F11-8BA7-3B792FE406D9}.Release|x64.ActiveCfg = Release|Any CPU
		{DDDF65CB-C7EC-4F11-8BA7-3B792FE406D9}.Release|x64.Build.0 = Release|Any CPU
		{DDDF65CB-C7EC-4F11-8BA7-3B792FE406D9}.Release|x86.ActiveCfg = Release|Any CPU
		{DDDF65CB-C7EC-4F11-8BA7-3B792FE406D9}.Release|x86.Build.0 = Release|Any CPU
		{F9A0B1C2-E3D4-4F5A-B6C7-8D9E0F1A2B3C}.Debug|Any CPU.ActiveCfg = Debug|Any CPU
		{F9A0B1C2-E3D4-4F5A-B6C7-8D9E0F1A2B3C}.Debug|Any CPU.Build.0 = Debug|Any CPU
		{F9A0B1C2-E3D4-4F5A-B6C7-8D9E0F1A2B3C}.Debug|x64.ActiveCfg = Debug|Any CPU
		{F9A0B1C2-E3D4-4F5A-B6C7-8D9E0F1A2B3C}.Debug|x64.Build.0 = Debug|Any CPU
		{F9A0B1C2-E3D4-4F5A-B6C7-8D9E0F1A2B3C}.Debug|x86.ActiveCfg = Debug|Any CPU
		{F9A0B1C2-E3D4-4F5A-B6C7-8D9E0F1A2B3C}.Debug|x86.Build.0 = Debug|Any CPU
		{F9A0B1C2-E3D4-4F5A-B6C7-8D9E0F1A2B3C}.Release|Any CPU.ActiveCfg = Release|Any CPU
		{F9A0B1C2-E3D4-4F5A-B6C7-8D9E0F1A2B3C}.Release|Any CPU.Build.0 = Release|Any CPU
		{F9A0B1C2-E3D4-4F5A-B6C7-8D9E0F1A2B3C}.Release|x64.ActiveCfg = Release|Any CPU
		{F9A0B1C2-E3D4-4F5A-B6C7-8D9E0F1A2B3C}.Release|x64.Build.0 = Release|Any CPU
		{F9A0B1C2-E3D4-4F5A-B6C7-8D9E0F1A2B3C}.Release|x86.ActiveCfg = Release|Any CPU
		{F9A0B1C2-E3D4-4F5A-B6C7-8D9E0F1A2B3C}.Release|x86.Build.0 = Release|Any CPU
		{0A1B2C3D-4E5F-4A6B-C7D8-9E0F1A2B3C4D}.Debug|Any CPU.ActiveCfg = Debug|Any CPU
		{0A1B2C3D-4E5F-4A6B-C7D8-9E0F1A2B3C4D}.Debug|Any CPU.Build.0 = Debug|Any CPU
		{0A1B2C3D-4E5F-4A6B-C7D8-9E0F1A2B3C4D}.Debug|x64.ActiveCfg = Debug|Any CPU
		{0A1B2C3D-4E5F-4A6B-C7D8-9E0F1A2B3C4D}.Debug|x64.Build.0 = Debug|Any CPU
		{0A1B2C3D-4E5F-4A6B-C7D8-9E0F1A2B3C4D}.Debug|x86.ActiveCfg = Debug|Any CPU
		{0A1B2C3D-4E5F-4A6B-C7D8-9E0F1A2B3C4D}.Debug|x86.Build.0 = Debug|Any CPU
		{0A1B2C3D-4E5F-4A6B-C7D8-9E0F1A2B3C4D}.Release|Any CPU.ActiveCfg = Release|Any CPU
		{0A1B2C3D-4E5F-4A6B-C7D8-9E0F1A2B3C4D}.Release|Any CPU.Build.0 = Release|Any CPU
		{0A1B2C3D-4E5F-4A6B-C7D8-9E0F1A2B3C4D}.Release|x64.ActiveCfg = Release|Any CPU
		{0A1B2C3D-4E5F-4A6B-C7D8-9E0F1A2B3C4D}.Release|x64.Build.0 = Release|Any CPU
		{0A1B2C3D-4E5F-4A6B-C7D8-9E0F1A2B3C4D}.Release|x86.ActiveCfg = Release|Any CPU
		{0A1B2C3D-4E5F-4A6B-C7D8-9E0F1A2B3C4D}.Release|x86.Build.0 = Release|Any CPU
		{1B2C3D4E-5F6A-4B7C-D8E9-0F1A2B3C4D5E}.Debug|Any CPU.ActiveCfg = Debug|Any CPU
		{1B2C3D4E-5F6A-4B7C-D8E9-0F1A2B3C4D5E}.Debug|Any CPU.Build.0 = Debug|Any CPU
		{1B2C3D4E-5F6A-4B7C-D8E9-0F1A2B3C4D5E}.Debug|x64.ActiveCfg = Debug|Any CPU
		{1B2C3D4E-5F6A-4B7C-D8E9-0F1A2B3C4D5E}.Debug|x64.Build.0 = Debug|Any CPU
		{1B2C3D4E-5F6A-4B7C-D8E9-0F1A2B3C4D5E}.Debug|x86.ActiveCfg = Debug|Any CPU
		{1B2C3D4E-5F6A-4B7C-D8E9-0F1A2B3C4D5E}.Debug|x86.Build.0 = Debug|Any CPU
		{1B2C3D4E-5F6A-4B7C-D8E9-0F1A2B3C4D5E}.Release|Any CPU.ActiveCfg = Release|Any CPU
		{1B2C3D4E-5F6A-4B7C-D8E9-0F1A2B3C4D5E}.Release|Any CPU.Build.0 = Release|Any CPU
		{1B2C3D4E-5F6A-4B7C-D8E9-0F1A2B3C4D5E}.Release|x64.ActiveCfg = Release|Any CPU
		{1B2C3D4E-5F6A-4B7C-D8E9-0F1A2B3C4D5E}.Release|x64.Build.0 = Release|Any CPU
		{1B2C3D4E-5F6A-4B7C-D8E9-0F1A2B3C4D5E}.Release|x86.ActiveCfg = Release|Any CPU
		{1B2C3D4E-5F6A-4B7C-D8E9-0F1A2B3C4D5E}.Release|x86.Build.0 = Release|Any CPU
		{24771356-2DB2-42BD-993E-1A200D8B75C8}.Debug|Any CPU.ActiveCfg = Debug|Any CPU
		{24771356-2DB2-42BD-993E-1A200D8B75C8}.Debug|Any CPU.Build.0 = Debug|Any CPU
		{24771356-2DB2-42BD-993E-1A200D8B75C8}.Debug|x64.ActiveCfg = Debug|Any CPU
		{24771356-2DB2-42BD-993E-1A200D8B75C8}.Debug|x64.Build.0 = Debug|Any CPU
		{24771356-2DB2-42BD-993E-1A200D8B75C8}.Debug|x86.ActiveCfg = Debug|Any CPU
		{24771356-2DB2-42BD-993E-1A200D8B75C8}.Debug|x86.Build.0 = Debug|Any CPU
		{24771356-2DB2-42BD-993E-1A200D8B75C8}.Release|Any CPU.ActiveCfg = Release|Any CPU
		{24771356-2DB2-42BD-993E-1A200D8B75C8}.Release|Any CPU.Build.0 = Release|Any CPU
		{24771356-2DB2-42BD-993E-1A200D8B75C8}.Release|x64.ActiveCfg = Release|Any CPU
		{24771356-2DB2-42BD-993E-1A200D8B75C8}.Release|x64.Build.0 = Release|Any CPU
		{24771356-2DB2-42BD-993E-1A200D8B75C8}.Release|x86.ActiveCfg = Release|Any CPU
		{24771356-2DB2-42BD-993E-1A200D8B75C8}.Release|x86.Build.0 = Release|Any CPU
		{5B866404-C35E-4DD7-B0C1-E56130EC7297}.Debug|Any CPU.ActiveCfg = Debug|Any CPU
		{5B866404-C35E-4DD7-B0C1-E56130EC7297}.Debug|Any CPU.Build.0 = Debug|Any CPU
		{5B866404-C35E-4DD7-B0C1-E56130EC7297}.Debug|x64.ActiveCfg = Debug|Any CPU
		{5B866404-C35E-4DD7-B0C1-E56130EC7297}.Debug|x64.Build.0 = Debug|Any CPU
		{5B866404-C35E-4DD7-B0C1-E56130EC7297}.Debug|x86.ActiveCfg = Debug|Any CPU
		{5B866404-C35E-4DD7-B0C1-E56130EC7297}.Debug|x86.Build.0 = Debug|Any CPU
		{5B866404-C35E-4DD7-B0C1-E56130EC7297}.Release|Any CPU.ActiveCfg = Release|Any CPU
		{5B866404-C35E-4DD7-B0C1-E56130EC7297}.Release|Any CPU.Build.0 = Release|Any CPU
		{5B866404-C35E-4DD7-B0C1-E56130EC7297}.Release|x64.ActiveCfg = Release|Any CPU
		{5B866404-C35E-4DD7-B0C1-E56130EC7297}.Release|x64.Build.0 = Release|Any CPU
		{5B866404-C35E-4DD7-B0C1-E56130EC7297}.Release|x86.ActiveCfg = Release|Any CPU
		{5B866404-C35E-4DD7-B0C1-E56130EC7297}.Release|x86.Build.0 = Release|Any CPU
		{9F6D375D-7C4C-4228-AB96-87CC2FE6C1FF}.Debug|Any CPU.ActiveCfg = Debug|Any CPU
		{9F6D375D-7C4C-4228-AB96-87CC2FE6C1FF}.Debug|Any CPU.Build.0 = Debug|Any CPU
		{9F6D375D-7C4C-4228-AB96-87CC2FE6C1FF}.Debug|x64.ActiveCfg = Debug|Any CPU
		{9F6D375D-7C4C-4228-AB96-87CC2FE6C1FF}.Debug|x64.Build.0 = Debug|Any CPU
		{9F6D375D-7C4C-4228-AB96-87CC2FE6C1FF}.Debug|x86.ActiveCfg = Debug|Any CPU
		{9F6D375D-7C4C-4228-AB96-87CC2FE6C1FF}.Debug|x86.Build.0 = Debug|Any CPU
		{9F6D375D-7C4C-4228-AB96-87CC2FE6C1FF}.Release|Any CPU.ActiveCfg = Release|Any CPU
		{9F6D375D-7C4C-4228-AB96-87CC2FE6C1FF}.Release|Any CPU.Build.0 = Release|Any CPU
		{9F6D375D-7C4C-4228-AB96-87CC2FE6C1FF}.Release|x64.ActiveCfg = Release|Any CPU
		{9F6D375D-7C4C-4228-AB96-87CC2FE6C1FF}.Release|x64.Build.0 = Release|Any CPU
		{9F6D375D-7C4C-4228-AB96-87CC2FE6C1FF}.Release|x86.ActiveCfg = Release|Any CPU
		{9F6D375D-7C4C-4228-AB96-87CC2FE6C1FF}.Release|x86.Build.0 = Release|Any CPU
		{87E02C67-A156-4257-AD73-123EB97022C3}.Debug|Any CPU.ActiveCfg = Debug|Any CPU
		{87E02C67-A156-4257-AD73-123EB97022C3}.Debug|Any CPU.Build.0 = Debug|Any CPU
		{87E02C67-A156-4257-AD73-123EB97022C3}.Debug|x64.ActiveCfg = Debug|Any CPU
		{87E02C67-A156-4257-AD73-123EB97022C3}.Debug|x64.Build.0 = Debug|Any CPU
		{87E02C67-A156-4257-AD73-123EB97022C3}.Debug|x86.ActiveCfg = Debug|Any CPU
		{87E02C67-A156-4257-AD73-123EB97022C3}.Debug|x86.Build.0 = Debug|Any CPU
		{87E02C67-A156-4257-AD73-123EB97022C3}.Release|Any CPU.ActiveCfg = Release|Any CPU
		{87E02C67-A156-4257-AD73-123EB97022C3}.Release|Any CPU.Build.0 = Release|Any CPU
		{87E02C67-A156-4257-AD73-123EB97022C3}.Release|x64.ActiveCfg = Release|Any CPU
		{87E02C67-A156-4257-AD73-123EB97022C3}.Release|x64.Build.0 = Release|Any CPU
		{87E02C67-A156-4257-AD73-123EB97022C3}.Release|x86.ActiveCfg = Release|Any CPU
		{87E02C67-A156-4257-AD73-123EB97022C3}.Release|x86.Build.0 = Release|Any CPU
		{B9D3C295-8D5A-444A-9E05-6367BEA92F34}.Debug|Any CPU.ActiveCfg = Debug|Any CPU
		{B9D3C295-8D5A-444A-9E05-6367BEA92F34}.Debug|Any CPU.Build.0 = Debug|Any CPU
		{B9D3C295-8D5A-444A-9E05-6367BEA92F34}.Debug|x64.ActiveCfg = Debug|Any CPU
		{B9D3C295-8D5A-444A-9E05-6367BEA92F34}.Debug|x64.Build.0 = Debug|Any CPU
		{B9D3C295-8D5A-444A-9E05-6367BEA92F34}.Debug|x86.ActiveCfg = Debug|Any CPU
		{B9D3C295-8D5A-444A-9E05-6367BEA92F34}.Debug|x86.Build.0 = Debug|Any CPU
		{B9D3C295-8D5A-444A-9E05-6367BEA92F34}.Release|Any CPU.ActiveCfg = Release|Any CPU
		{B9D3C295-8D5A-444A-9E05-6367BEA92F34}.Release|Any CPU.Build.0 = Release|Any CPU
		{B9D3C295-8D5A-444A-9E05-6367BEA92F34}.Release|x64.ActiveCfg = Release|Any CPU
		{B9D3C295-8D5A-444A-9E05-6367BEA92F34}.Release|x64.Build.0 = Release|Any CPU
		{B9D3C295-8D5A-444A-9E05-6367BEA92F34}.Release|x86.ActiveCfg = Release|Any CPU
		{B9D3C295-8D5A-444A-9E05-6367BEA92F34}.Release|x86.Build.0 = Release|Any CPU
	EndGlobalSection
	GlobalSection(SolutionProperties) = preSolution
		HideSolutionNode = FALSE
	EndGlobalSection
	GlobalSection(NestedProjects) = preSolution
		{9CA0EF1A-AA65-4EAA-B412-A5F4187844B9} = {5566F598-A380-446A-AC2E-1436D89F2E2E}
		{35C318F4-680A-48E1-AC1E-0331F37F755A} = {5566F598-A380-446A-AC2E-1436D89F2E2E}
		{DDD8AE96-E0A9-4851-B995-B5B2E8BB17C9} = {DFF0464B-5402-4DD6-86F5-2AEC1163B232}
		{5566F598-A380-446A-AC2E-1436D89F2E2E} = {DFF0464B-5402-4DD6-86F5-2AEC1163B232}
		{5297D2E7-B896-4D7B-B35F-CFEC30B6331A} = {DFF0464B-5402-4DD6-86F5-2AEC1163B232}
		{A727A752-C739-43D7-AC0C-CD633982F996} = {5566F598-A380-446A-AC2E-1436D89F2E2E}
		{A1898E1A-17E5-4BD6-8351-8A8BAB5BD54B} = {5566F598-A380-446A-AC2E-1436D89F2E2E}
		{9ECD6640-2B9E-412E-8536-4D5F2134611F} = {5566F598-A380-446A-AC2E-1436D89F2E2E}
		{7C83E604-5224-47E2-9ED1-AAA3E2DB3EFD} = {1E6B9E8D-D5C1-4AD7-89F9-7179FEFD7C01}
		{3C4B391A-F8DB-4199-8DA6-C3A810CF8252} = {DDD8AE96-E0A9-4851-B995-B5B2E8BB17C9}
		{2BE26E88-115F-4541-9EDB-6B243449C3C8} = {DDD8AE96-E0A9-4851-B995-B5B2E8BB17C9}
		{4A479366-8FFA-4407-AAF2-0F440FF3C984} = {DDD8AE96-E0A9-4851-B995-B5B2E8BB17C9}
		{F2C20F4D-F801-42A4-9AB8-5FD885960343} = {5297D2E7-B896-4D7B-B35F-CFEC30B6331A}
		{53CCFB6D-1820-4BC1-979C-A85F9456102B} = {5297D2E7-B896-4D7B-B35F-CFEC30B6331A}
		{6999BCE1-DE3A-475A-8E59-0483D2FBF237} = {5566F598-A380-446A-AC2E-1436D89F2E2E}
		{AB0B146F-D291-40A8-82A0-A98A196D4836} = {DDD8AE96-E0A9-4851-B995-B5B2E8BB17C9}
		{61EC729E-1ACA-40D5-BF68-2FCDAA10C433} = {DDD8AE96-E0A9-4851-B995-B5B2E8BB17C9}
		{9AB41C1F-F3D7-2153-37F7-76ACC053B2B9} = {1E6B9E8D-D5C1-4AD7-89F9-7179FEFD7C01}
		{F55C5734-E177-8F61-80D5-754AD47D0EF6} = {1E6B9E8D-D5C1-4AD7-89F9-7179FEFD7C01}
		{C03D8EC4-4645-8E6C-4A98-4BA075FCF572} = {DDD8AE96-E0A9-4851-B995-B5B2E8BB17C9}
		{9E9BEDF8-5ACF-3A55-DC79-0428B66FFC2F} = {DDD8AE96-E0A9-4851-B995-B5B2E8BB17C9}
		{A1B2C3D4-E5F6-7890-1234-567890ABCDEF} = {1E6B9E8D-D5C1-4AD7-89F9-7179FEFD7C01}
		{B8C564CB-1825-5A31-EB0D-71095AD3F270} = {1E6B9E8D-D5C1-4AD7-89F9-7179FEFD7C01}
		{3B873918-CB15-18AB-3BAB-F243297E5F81} = {1E6B9E8D-D5C1-4AD7-89F9-7179FEFD7C01}
		{B3DB0950-1A9D-22D9-7967-BE4AAB841932} = {1E6B9E8D-D5C1-4AD7-89F9-7179FEFD7C01}
		{84FCE84E-D49E-4605-9723-75011303FC7A} = {1E6B9E8D-D5C1-4AD7-89F9-7179FEFD7C01}
		{DDDF65CB-C7EC-4F11-8BA7-3B792FE406D9} = {1E6B9E8D-D5C1-4AD7-89F9-7179FEFD7C01}
		{F9A0B1C2-E3D4-4F5A-B6C7-8D9E0F1A2B3C} = {1E6B9E8D-D5C1-4AD7-89F9-7179FEFD7C01}
		{0A1B2C3D-4E5F-4A6B-C7D8-9E0F1A2B3C4D} = {1E6B9E8D-D5C1-4AD7-89F9-7179FEFD7C01}
		{1B2C3D4E-5F6A-4B7C-D8E9-0F1A2B3C4D5E} = {1E6B9E8D-D5C1-4AD7-89F9-7179FEFD7C01}
		{24771356-2DB2-42BD-993E-1A200D8B75C8} = {1E6B9E8D-D5C1-4AD7-89F9-7179FEFD7C01}
		{5B866404-C35E-4DD7-B0C1-E56130EC7297} = {1E6B9E8D-D5C1-4AD7-89F9-7179FEFD7C01}
		{9F6D375D-7C4C-4228-AB96-87CC2FE6C1FF} = {1E6B9E8D-D5C1-4AD7-89F9-7179FEFD7C01}
		{87E02C67-A156-4257-AD73-123EB97022C3} = {DFF0464B-5402-4DD6-86F5-2AEC1163B232}
		{B9D3C295-8D5A-444A-9E05-6367BEA92F34} = {1E6B9E8D-D5C1-4AD7-89F9-7179FEFD7C01}
	EndGlobalSection
	GlobalSection(ExtensibilityGlobals) = postSolution
		SolutionGuid = {5A1CB38E-F77D-4A40-B3A9-9A70C3F3BC6D}
	EndGlobalSection
EndGlobal
