
Microsoft Visual Studio Solution File, Format Version 12.00
# Visual Studio Version 17
VisualStudioVersion = 17.8.34316.72
MinimumVisualStudioVersion = 10.0.40219.1
Project("{FAE04EC0-301F-11D3-BF4B-00C04F79EFBC}") = "Eaf.Gateways.API", "src\Eaf.Gateways.API.csproj", "{2A8BE530-90BE-4D27-AB64-CDF98E446C73}"
EndProject
Project("{2150E333-8FDC-42A3-9474-1A3956D46DE8}") = "test", "test", "{0C88DD14-F956-CE84-757C-A364CCF449FC}"
EndProject
Project("{FAE04EC0-301F-11D3-BF4B-00C04F79EFBC}") = "Eaf.Gateways.API.Tests", "test\Eaf.Gateways.API.Tests.csproj", "{60831706-6489-4D23-85E9-7553C76B2C96}"
EndProject
Global
	GlobalSection(SolutionConfigurationPlatforms) = preSolution
		Debug|Any CPU = Debug|Any CPU
		Debug|x64 = Debug|x64
		Debug|x86 = Debug|x86
		Release|Any CPU = Release|Any CPU
		Release|x64 = Release|x64
		Release|x86 = Release|x86
	EndGlobalSection
	GlobalSection(ProjectConfigurationPlatforms) = postSolution
		{2A8BE530-90BE-4D27-AB64-CDF98E446C73}.Debug|Any CPU.ActiveCfg = Debug|Any CPU
		{2A8BE530-90BE-4D27-AB64-CDF98E446C73}.Debug|Any CPU.Build.0 = Debug|Any CPU
		{2A8BE530-90BE-4D27-AB64-CDF98E446C73}.Debug|x64.ActiveCfg = Debug|Any CPU
		{2A8BE530-90BE-4D27-AB64-CDF98E446C73}.Debug|x64.Build.0 = Debug|Any CPU
		{2A8BE530-90BE-4D27-AB64-CDF98E446C73}.Debug|x86.ActiveCfg = Debug|Any CPU
		{2A8BE530-90BE-4D27-AB64-CDF98E446C73}.Debug|x86.Build.0 = Debug|Any CPU
		{2A8BE530-90BE-4D27-AB64-CDF98E446C73}.Release|Any CPU.ActiveCfg = Release|Any CPU
		{2A8BE530-90BE-4D27-AB64-CDF98E446C73}.Release|Any CPU.Build.0 = Release|Any CPU
		{2A8BE530-90BE-4D27-AB64-CDF98E446C73}.Release|x64.ActiveCfg = Release|Any CPU
		{2A8BE530-90BE-4D27-AB64-CDF98E446C73}.Release|x64.Build.0 = Release|Any CPU
		{2A8BE530-90BE-4D27-AB64-CDF98E446C73}.Release|x86.ActiveCfg = Release|Any CPU
		{2A8BE530-90BE-4D27-AB64-CDF98E446C73}.Release|x86.Build.0 = Release|Any CPU
		{60831706-6489-4D23-85E9-7553C76B2C96}.Debug|Any CPU.ActiveCfg = Debug|Any CPU
		{60831706-6489-4D23-85E9-7553C76B2C96}.Debug|Any CPU.Build.0 = Debug|Any CPU
		{60831706-6489-4D23-85E9-7553C76B2C96}.Debug|x64.ActiveCfg = Debug|Any CPU
		{60831706-6489-4D23-85E9-7553C76B2C96}.Debug|x64.Build.0 = Debug|Any CPU
		{60831706-6489-4D23-85E9-7553C76B2C96}.Debug|x86.ActiveCfg = Debug|Any CPU
		{60831706-6489-4D23-85E9-7553C76B2C96}.Debug|x86.Build.0 = Debug|Any CPU
		{60831706-6489-4D23-85E9-7553C76B2C96}.Release|Any CPU.ActiveCfg = Release|Any CPU
		{60831706-6489-4D23-85E9-7553C76B2C96}.Release|Any CPU.Build.0 = Release|Any CPU
		{60831706-6489-4D23-85E9-7553C76B2C96}.Release|x64.ActiveCfg = Release|Any CPU
		{60831706-6489-4D23-85E9-7553C76B2C96}.Release|x64.Build.0 = Release|Any CPU
		{60831706-6489-4D23-85E9-7553C76B2C96}.Release|x86.ActiveCfg = Release|Any CPU
		{60831706-6489-4D23-85E9-7553C76B2C96}.Release|x86.Build.0 = Release|Any CPU
	EndGlobalSection
	GlobalSection(SolutionProperties) = preSolution
		HideSolutionNode = FALSE
	EndGlobalSection
	GlobalSection(NestedProjects) = preSolution
		{60831706-6489-4D23-85E9-7553C76B2C96} = {0C88DD14-F956-CE84-757C-A364CCF449FC}
	EndGlobalSection
	GlobalSection(ExtensibilityGlobals) = postSolution
		SolutionGuid = {10BC7F79-76CA-4EA6-BE60-F44B9D5ABE6F}
	EndGlobalSection
EndGlobal
